// !$*UTF8*$!
{
	archiveVersion = 1;
	classes = {
	};
	objectVersion = 45;
	objects = {

/* Begin PBXBuildFile section */
		1D3623260D0F684500981E51 /* CoffeeMeAppDelegate.m in Sources */ = {isa = PBXBuildFile; fileRef = 1D3623250D0F684500981E51 /* CoffeeMeAppDelegate.m */; };
		1D60589B0D05DD56006BFB54 /* main.m in Sources */ = {isa = PBXBuildFile; fileRef = 29B97316FDCFA39411CA2CEA /* main.m */; };
		1D60589F0D05DD5A006BFB54 /* Foundation.framework in Frameworks */ = {isa = PBXBuildFile; fileRef = 1D30AB110D05D00D00671497 /* Foundation.framework */; };
		1DF5F4E00D08C38300B7A737 /* UIKit.framework in Frameworks */ = {isa = PBXBuildFile; fileRef = 1DF5F4DF0D08C38300B7A737 /* UIKit.framework */; };
		288765080DF74369002DB57D /* CoreGraphics.framework in Frameworks */ = {isa = PBXBuildFile; fileRef = 288765070DF74369002DB57D /* CoreGraphics.framework */; };
		28AD73880D9D96C1002E5188 /* MainWindow.xib in Resources */ = {isa = PBXBuildFile; fileRef = 28AD73870D9D96C1002E5188 /* MainWindow.xib */; };
		397D74850FB23E5C00ACE161 /* coffeeme.sqlite3 in Resources */ = {isa = PBXBuildFile; fileRef = 397D74840FB23E5C00ACE161 /* coffeeme.sqlite3 */; };
		397D74A40FB24EF900ACE161 /* CMStore.m in Sources */ = {isa = PBXBuildFile; fileRef = 397D74A30FB24EF900ACE161 /* CMStore.m */; };
		397D74AD0FB250F400ACE161 /* FMDatabase.m in Sources */ = {isa = PBXBuildFile; fileRef = 397D74A80FB250F400ACE161 /* FMDatabase.m */; };
		397D74AE0FB250F400ACE161 /* FMDatabaseAdditions.m in Sources */ = {isa = PBXBuildFile; fileRef = 397D74AA0FB250F400ACE161 /* FMDatabaseAdditions.m */; };
		397D74AF0FB250F400ACE161 /* FMResultSet.m in Sources */ = {isa = PBXBuildFile; fileRef = 397D74AC0FB250F400ACE161 /* FMResultSet.m */; };
		397D74B40FB2519100ACE161 /* libsqlite3.0.dylib in Frameworks */ = {isa = PBXBuildFile; fileRef = 397D74B30FB2519100ACE161 /* libsqlite3.0.dylib */; };
		397D74D70FB257B600ACE161 /* MyCLController.m in Sources */ = {isa = PBXBuildFile; fileRef = 397D74D60FB257B600ACE161 /* MyCLController.m */; };
		397D74D90FB2585B00ACE161 /* CoreLocation.framework in Frameworks */ = {isa = PBXBuildFile; fileRef = 397D74D80FB2585B00ACE161 /* CoreLocation.framework */; };
		397D751D0FB2A52700ACE161 /* QuartzCore.framework in Frameworks */ = {isa = PBXBuildFile; fileRef = 397D751C0FB2A52700ACE161 /* QuartzCore.framework */; };
		398681040FB336D6006E151C /* libThree20.a in Frameworks */ = {isa = PBXBuildFile; fileRef = 398681030FB336D3006E151C /* libThree20.a */; };
		398681080FB33720006E151C /* Three20.bundle in Resources */ = {isa = PBXBuildFile; fileRef = 398681070FB33720006E151C /* Three20.bundle */; };
		398681750FB35297006E151C /* CMStoresController.m in Sources */ = {isa = PBXBuildFile; fileRef = 398681740FB35297006E151C /* CMStoresController.m */; };
		398681780FB352A6006E151C /* CMTriviaController.m in Sources */ = {isa = PBXBuildFile; fileRef = 398681770FB352A6006E151C /* CMTriviaController.m */; };
		3986817B0FB352BB006E151C /* CMNutritionController.m in Sources */ = {isa = PBXBuildFile; fileRef = 3986817A0FB352BB006E151C /* CMNutritionController.m */; };
		398682A10FB48050006E151C /* CMModel.m in Sources */ = {isa = PBXBuildFile; fileRef = 398682A00FB48050006E151C /* CMModel.m */; };
		398682A90FB48213006E151C /* CMTrivia.m in Sources */ = {isa = PBXBuildFile; fileRef = 398682A80FB48213006E151C /* CMTrivia.m */; };
		398682DF0FB4A386006E151C /* CMStoreCell.m in Sources */ = {isa = PBXBuildFile; fileRef = 398682DE0FB4A386006E151C /* CMStoreCell.m */; };
		398684BE0FB5AA5B006E151C /* CMModalView.m in Sources */ = {isa = PBXBuildFile; fileRef = 398684BD0FB5AA5B006E151C /* CMModalView.m */; };
		398685700FB85AEE006E151C /* CMDetailController.m in Sources */ = {isa = PBXBuildFile; fileRef = 3986856F0FB85AEE006E151C /* CMDetailController.m */; };
		3986863B0FB88FFD006E151C /* NSNotificationAdditions.m in Sources */ = {isa = PBXBuildFile; fileRef = 3986863A0FB88FFD006E151C /* NSNotificationAdditions.m */; };
		3986864A0FB89381006E151C /* CMDetailView.m in Sources */ = {isa = PBXBuildFile; fileRef = 398686490FB89381006E151C /* CMDetailView.m */; };
		398686C30FB8C96B006E151C /* CMTriviaView.m in Sources */ = {isa = PBXBuildFile; fileRef = 398686C20FB8C96B006E151C /* CMTriviaView.m */; };
		398689A70FB9D000006E151C /* CMMapView.m in Sources */ = {isa = PBXBuildFile; fileRef = 398689A60FB9D000006E151C /* CMMapView.m */; };
		39868A850FBA2A0A006E151C /* CMLocation.m in Sources */ = {isa = PBXBuildFile; fileRef = 39868A840FBA2A0A006E151C /* CMLocation.m */; };
		39868B4C0FBB1A2C006E151C /* CMBaseController.m in Sources */ = {isa = PBXBuildFile; fileRef = 39868B4B0FBB1A2C006E151C /* CMBaseController.m */; };
		39868BB20FBB3A33006E151C /* CMSettingsController.m in Sources */ = {isa = PBXBuildFile; fileRef = 39868BB10FBB3A33006E151C /* CMSettingsController.m */; };
		39868BC40FBB3A7E006E151C /* Images in Resources */ = {isa = PBXBuildFile; fileRef = 39868BB30FBB3A7E006E151C /* Images */; };
/* End PBXBuildFile section */

/* Begin PBXContainerItemProxy section */
		398681020FB336D3006E151C /* PBXContainerItemProxy */ = {
			isa = PBXContainerItemProxy;
			containerPortal = 398680F90FB336D3006E151C /* Three20.xcodeproj */;
			proxyType = 2;
			remoteGlobalIDString = BEF31F3A0F352DF5000DE5D2;
			remoteInfo = Three20;
		};
		3986811D0FB3372F006E151C /* PBXContainerItemProxy */ = {
			isa = PBXContainerItemProxy;
			containerPortal = 398680F90FB336D3006E151C /* Three20.xcodeproj */;
			proxyType = 1;
			remoteGlobalIDString = BEF31F390F352DF5000DE5D2;
			remoteInfo = Three20;
		};
/* End PBXContainerItemProxy section */

/* Begin PBXFileReference section */
		1D30AB110D05D00D00671497 /* Foundation.framework */ = {isa = PBXFileReference; lastKnownFileType = wrapper.framework; name = Foundation.framework; path = System/Library/Frameworks/Foundation.framework; sourceTree = SDKROOT; };
		1D3623240D0F684500981E51 /* CoffeeMeAppDelegate.h */ = {isa = PBXFileReference; fileEncoding = 4; lastKnownFileType = sourcecode.c.h; path = CoffeeMeAppDelegate.h; sourceTree = "<group>"; };
		1D3623250D0F684500981E51 /* CoffeeMeAppDelegate.m */ = {isa = PBXFileReference; fileEncoding = 4; lastKnownFileType = sourcecode.c.objc; path = CoffeeMeAppDelegate.m; sourceTree = "<group>"; };
		1D6058910D05DD3D006BFB54 /* CoffeeMe.app */ = {isa = PBXFileReference; explicitFileType = wrapper.application; includeInIndex = 0; path = CoffeeMe.app; sourceTree = BUILT_PRODUCTS_DIR; };
		1DF5F4DF0D08C38300B7A737 /* UIKit.framework */ = {isa = PBXFileReference; lastKnownFileType = wrapper.framework; name = UIKit.framework; path = System/Library/Frameworks/UIKit.framework; sourceTree = SDKROOT; };
		288765070DF74369002DB57D /* CoreGraphics.framework */ = {isa = PBXFileReference; lastKnownFileType = wrapper.framework; name = CoreGraphics.framework; path = System/Library/Frameworks/CoreGraphics.framework; sourceTree = SDKROOT; };
		28A0AB4B0D9B1048005BE974 /* CoffeeMe_Prefix.pch */ = {isa = PBXFileReference; fileEncoding = 4; lastKnownFileType = sourcecode.c.h; path = CoffeeMe_Prefix.pch; sourceTree = "<group>"; };
		28AD73870D9D96C1002E5188 /* MainWindow.xib */ = {isa = PBXFileReference; lastKnownFileType = file.xib; path = MainWindow.xib; sourceTree = "<group>"; };
		29B97316FDCFA39411CA2CEA /* main.m */ = {isa = PBXFileReference; fileEncoding = 4; lastKnownFileType = sourcecode.c.objc; path = main.m; sourceTree = "<group>"; };
		397D74840FB23E5C00ACE161 /* coffeeme.sqlite3 */ = {isa = PBXFileReference; lastKnownFileType = file; path = coffeeme.sqlite3; sourceTree = SOURCE_ROOT; };
		397D74A20FB24EF900ACE161 /* CMStore.h */ = {isa = PBXFileReference; fileEncoding = 4; lastKnownFileType = sourcecode.c.h; path = CMStore.h; sourceTree = "<group>"; };
		397D74A30FB24EF900ACE161 /* CMStore.m */ = {isa = PBXFileReference; fileEncoding = 4; lastKnownFileType = sourcecode.c.objc; path = CMStore.m; sourceTree = "<group>"; };
		397D74A70FB250F400ACE161 /* FMDatabase.h */ = {isa = PBXFileReference; fileEncoding = 4; lastKnownFileType = sourcecode.c.h; name = FMDatabase.h; path = Libraries/FMDB/FMDatabase.h; sourceTree = SOURCE_ROOT; };
		397D74A80FB250F400ACE161 /* FMDatabase.m */ = {isa = PBXFileReference; fileEncoding = 4; lastKnownFileType = sourcecode.c.objc; name = FMDatabase.m; path = Libraries/FMDB/FMDatabase.m; sourceTree = SOURCE_ROOT; };
		397D74A90FB250F400ACE161 /* FMDatabaseAdditions.h */ = {isa = PBXFileReference; fileEncoding = 4; lastKnownFileType = sourcecode.c.h; name = FMDatabaseAdditions.h; path = Libraries/FMDB/FMDatabaseAdditions.h; sourceTree = SOURCE_ROOT; };
		397D74AA0FB250F400ACE161 /* FMDatabaseAdditions.m */ = {isa = PBXFileReference; fileEncoding = 4; lastKnownFileType = sourcecode.c.objc; name = FMDatabaseAdditions.m; path = Libraries/FMDB/FMDatabaseAdditions.m; sourceTree = SOURCE_ROOT; };
		397D74AB0FB250F400ACE161 /* FMResultSet.h */ = {isa = PBXFileReference; fileEncoding = 4; lastKnownFileType = sourcecode.c.h; name = FMResultSet.h; path = Libraries/FMDB/FMResultSet.h; sourceTree = SOURCE_ROOT; };
		397D74AC0FB250F400ACE161 /* FMResultSet.m */ = {isa = PBXFileReference; fileEncoding = 4; lastKnownFileType = sourcecode.c.objc; name = FMResultSet.m; path = Libraries/FMDB/FMResultSet.m; sourceTree = SOURCE_ROOT; };
		397D74B30FB2519100ACE161 /* libsqlite3.0.dylib */ = {isa = PBXFileReference; lastKnownFileType = "compiled.mach-o.dylib"; name = libsqlite3.0.dylib; path = ../../../../../../Developer/Platforms/iPhoneOS.platform/Developer/SDKs/iPhoneOS2.2.1.sdk/usr/lib/libsqlite3.0.dylib; sourceTree = SOURCE_ROOT; };
		397D74D50FB257B600ACE161 /* MyCLController.h */ = {isa = PBXFileReference; fileEncoding = 4; lastKnownFileType = sourcecode.c.h; path = MyCLController.h; sourceTree = "<group>"; };
		397D74D60FB257B600ACE161 /* MyCLController.m */ = {isa = PBXFileReference; fileEncoding = 4; lastKnownFileType = sourcecode.c.objc; path = MyCLController.m; sourceTree = "<group>"; };
		397D74D80FB2585B00ACE161 /* CoreLocation.framework */ = {isa = PBXFileReference; lastKnownFileType = wrapper.framework; name = CoreLocation.framework; path = ../../../../../../Developer/Platforms/iPhoneOS.platform/Developer/SDKs/iPhoneOS2.2.1.sdk/System/Library/Frameworks/CoreLocation.framework; sourceTree = SOURCE_ROOT; };
		397D751C0FB2A52700ACE161 /* QuartzCore.framework */ = {isa = PBXFileReference; lastKnownFileType = wrapper.framework; name = QuartzCore.framework; path = ../../../../../../Developer/Platforms/iPhoneOS.platform/Developer/SDKs/iPhoneOS2.2.1.sdk/System/Library/Frameworks/QuartzCore.framework; sourceTree = SOURCE_ROOT; };
		398680F90FB336D3006E151C /* Three20.xcodeproj */ = {isa = PBXFileReference; lastKnownFileType = "wrapper.pb-project"; name = Three20.xcodeproj; path = ../three20/src/Three20.xcodeproj; sourceTree = "<group>"; };
		398681070FB33720006E151C /* Three20.bundle */ = {isa = PBXFileReference; lastKnownFileType = "wrapper.plug-in"; path = Three20.bundle; sourceTree = "<group>"; };
		398681730FB35297006E151C /* CMStoresController.h */ = {isa = PBXFileReference; fileEncoding = 4; lastKnownFileType = sourcecode.c.h; path = CMStoresController.h; sourceTree = "<group>"; };
		398681740FB35297006E151C /* CMStoresController.m */ = {isa = PBXFileReference; fileEncoding = 4; lastKnownFileType = sourcecode.c.objc; path = CMStoresController.m; sourceTree = "<group>"; };
		398681760FB352A6006E151C /* CMTriviaController.h */ = {isa = PBXFileReference; fileEncoding = 4; lastKnownFileType = sourcecode.c.h; path = CMTriviaController.h; sourceTree = "<group>"; };
		398681770FB352A6006E151C /* CMTriviaController.m */ = {isa = PBXFileReference; fileEncoding = 4; lastKnownFileType = sourcecode.c.objc; path = CMTriviaController.m; sourceTree = "<group>"; };
		398681790FB352BB006E151C /* CMNutritionController.h */ = {isa = PBXFileReference; fileEncoding = 4; lastKnownFileType = sourcecode.c.h; path = CMNutritionController.h; sourceTree = "<group>"; };
		3986817A0FB352BB006E151C /* CMNutritionController.m */ = {isa = PBXFileReference; fileEncoding = 4; lastKnownFileType = sourcecode.c.objc; path = CMNutritionController.m; sourceTree = "<group>"; };
		3986829F0FB48050006E151C /* CMModel.h */ = {isa = PBXFileReference; fileEncoding = 4; lastKnownFileType = sourcecode.c.h; path = CMModel.h; sourceTree = "<group>"; };
		398682A00FB48050006E151C /* CMModel.m */ = {isa = PBXFileReference; fileEncoding = 4; lastKnownFileType = sourcecode.c.objc; path = CMModel.m; sourceTree = "<group>"; };
		398682A70FB48213006E151C /* CMTrivia.h */ = {isa = PBXFileReference; fileEncoding = 4; lastKnownFileType = sourcecode.c.h; path = CMTrivia.h; sourceTree = "<group>"; };
		398682A80FB48213006E151C /* CMTrivia.m */ = {isa = PBXFileReference; fileEncoding = 4; lastKnownFileType = sourcecode.c.objc; path = CMTrivia.m; sourceTree = "<group>"; };
		398682DD0FB4A386006E151C /* CMStoreCell.h */ = {isa = PBXFileReference; fileEncoding = 4; lastKnownFileType = sourcecode.c.h; path = CMStoreCell.h; sourceTree = "<group>"; };
		398682DE0FB4A386006E151C /* CMStoreCell.m */ = {isa = PBXFileReference; fileEncoding = 4; lastKnownFileType = sourcecode.c.objc; path = CMStoreCell.m; sourceTree = "<group>"; };
		398684BC0FB5AA5B006E151C /* CMModalView.h */ = {isa = PBXFileReference; fileEncoding = 4; lastKnownFileType = sourcecode.c.h; path = CMModalView.h; sourceTree = "<group>"; };
		398684BD0FB5AA5B006E151C /* CMModalView.m */ = {isa = PBXFileReference; fileEncoding = 4; lastKnownFileType = sourcecode.c.objc; path = CMModalView.m; sourceTree = "<group>"; };
		3986856E0FB85AEE006E151C /* CMDetailController.h */ = {isa = PBXFileReference; fileEncoding = 4; lastKnownFileType = sourcecode.c.h; path = CMDetailController.h; sourceTree = "<group>"; };
		3986856F0FB85AEE006E151C /* CMDetailController.m */ = {isa = PBXFileReference; fileEncoding = 4; lastKnownFileType = sourcecode.c.objc; path = CMDetailController.m; sourceTree = "<group>"; };
		398686390FB88FFD006E151C /* NSNotificationAdditions.h */ = {isa = PBXFileReference; fileEncoding = 4; lastKnownFileType = sourcecode.c.h; path = NSNotificationAdditions.h; sourceTree = "<group>"; };
		3986863A0FB88FFD006E151C /* NSNotificationAdditions.m */ = {isa = PBXFileReference; fileEncoding = 4; lastKnownFileType = sourcecode.c.objc; path = NSNotificationAdditions.m; sourceTree = "<group>"; };
		398686480FB89381006E151C /* CMDetailView.h */ = {isa = PBXFileReference; fileEncoding = 4; lastKnownFileType = sourcecode.c.h; path = CMDetailView.h; sourceTree = "<group>"; };
		398686490FB89381006E151C /* CMDetailView.m */ = {isa = PBXFileReference; fileEncoding = 4; lastKnownFileType = sourcecode.c.objc; path = CMDetailView.m; sourceTree = "<group>"; };
		398686C10FB8C96B006E151C /* CMTriviaView.h */ = {isa = PBXFileReference; fileEncoding = 4; lastKnownFileType = sourcecode.c.h; path = CMTriviaView.h; sourceTree = "<group>"; };
		398686C20FB8C96B006E151C /* CMTriviaView.m */ = {isa = PBXFileReference; fileEncoding = 4; lastKnownFileType = sourcecode.c.objc; path = CMTriviaView.m; sourceTree = "<group>"; };
		398689A50FB9D000006E151C /* CMMapView.h */ = {isa = PBXFileReference; fileEncoding = 4; lastKnownFileType = sourcecode.c.h; path = CMMapView.h; sourceTree = "<group>"; };
		398689A60FB9D000006E151C /* CMMapView.m */ = {isa = PBXFileReference; fileEncoding = 4; lastKnownFileType = sourcecode.c.objc; path = CMMapView.m; sourceTree = "<group>"; };
		39868A830FBA2A0A006E151C /* CMLocation.h */ = {isa = PBXFileReference; fileEncoding = 4; lastKnownFileType = sourcecode.c.h; path = CMLocation.h; sourceTree = "<group>"; };
		39868A840FBA2A0A006E151C /* CMLocation.m */ = {isa = PBXFileReference; fileEncoding = 4; lastKnownFileType = sourcecode.c.objc; path = CMLocation.m; sourceTree = "<group>"; };
		39868B4A0FBB1A2C006E151C /* CMBaseController.h */ = {isa = PBXFileReference; fileEncoding = 4; lastKnownFileType = sourcecode.c.h; path = CMBaseController.h; sourceTree = "<group>"; };
		39868B4B0FBB1A2C006E151C /* CMBaseController.m */ = {isa = PBXFileReference; fileEncoding = 4; lastKnownFileType = sourcecode.c.objc; path = CMBaseController.m; sourceTree = "<group>"; };
		39868BB00FBB3A33006E151C /* CMSettingsController.h */ = {isa = PBXFileReference; fileEncoding = 4; lastKnownFileType = sourcecode.c.h; path = CMSettingsController.h; sourceTree = "<group>"; };
		39868BB10FBB3A33006E151C /* CMSettingsController.m */ = {isa = PBXFileReference; fileEncoding = 4; lastKnownFileType = sourcecode.c.objc; path = CMSettingsController.m; sourceTree = "<group>"; };
		39868BB30FBB3A7E006E151C /* Images */ = {isa = PBXFileReference; lastKnownFileType = folder; path = Images; sourceTree = "<group>"; };
		8D1107310486CEB800E47090 /* CoffeeMe-Info.plist */ = {isa = PBXFileReference; fileEncoding = 4; lastKnownFileType = text.plist.xml; path = "CoffeeMe-Info.plist"; plistStructureDefinitionIdentifier = "com.apple.xcode.plist.structure-definition.iphone.info-plist"; sourceTree = "<group>"; };
/* End PBXFileReference section */

/* Begin PBXFrameworksBuildPhase section */
		1D60588F0D05DD3D006BFB54 /* Frameworks */ = {
			isa = PBXFrameworksBuildPhase;
			buildActionMask = 2147483647;
			files = (
				1D60589F0D05DD5A006BFB54 /* Foundation.framework in Frameworks */,
				1DF5F4E00D08C38300B7A737 /* UIKit.framework in Frameworks */,
				288765080DF74369002DB57D /* CoreGraphics.framework in Frameworks */,
				397D74B40FB2519100ACE161 /* libsqlite3.0.dylib in Frameworks */,
				397D74D90FB2585B00ACE161 /* CoreLocation.framework in Frameworks */,
				397D751D0FB2A52700ACE161 /* QuartzCore.framework in Frameworks */,
				398681040FB336D6006E151C /* libThree20.a in Frameworks */,
			);
			runOnlyForDeploymentPostprocessing = 0;
		};
/* End PBXFrameworksBuildPhase section */

/* Begin PBXGroup section */
		080E96DDFE201D6D7F000001 /* Classes */ = {
			isa = PBXGroup;
			children = (
				398681720FB3523D006E151C /* Controllers */,
				397D74A50FB250F400ACE161 /* Libraries */,
				397D749C0FB24ED000ACE161 /* Models */,
				398682DC0FB4A376006E151C /* Views */,
				1D3623240D0F684500981E51 /* CoffeeMeAppDelegate.h */,
				1D3623250D0F684500981E51 /* CoffeeMeAppDelegate.m */,
				398686390FB88FFD006E151C /* NSNotificationAdditions.h */,
				3986863A0FB88FFD006E151C /* NSNotificationAdditions.m */,
				39868A830FBA2A0A006E151C /* CMLocation.h */,
				39868A840FBA2A0A006E151C /* CMLocation.m */,
			);
			path = Classes;
			sourceTree = "<group>";
		};
		19C28FACFE9D520D11CA2CBB /* Products */ = {
			isa = PBXGroup;
			children = (
				1D6058910D05DD3D006BFB54 /* CoffeeMe.app */,
			);
			name = Products;
			sourceTree = "<group>";
		};
		29B97314FDCFA39411CA2CEA /* CoffeeMe */ = {
			isa = PBXGroup;
			children = (
				398681070FB33720006E151C /* Three20.bundle */,
				398680F90FB336D3006E151C /* Three20.xcodeproj */,
				080E96DDFE201D6D7F000001 /* Classes */,
				29B97315FDCFA39411CA2CEA /* Other Sources */,
				29B97317FDCFA39411CA2CEA /* Resources */,
				29B97323FDCFA39411CA2CEA /* Frameworks */,
				19C28FACFE9D520D11CA2CBB /* Products */,
			);
			name = CoffeeMe;
			sourceTree = "<group>";
		};
		29B97315FDCFA39411CA2CEA /* Other Sources */ = {
			isa = PBXGroup;
			children = (
				28A0AB4B0D9B1048005BE974 /* CoffeeMe_Prefix.pch */,
				29B97316FDCFA39411CA2CEA /* main.m */,
			);
			name = "Other Sources";
			sourceTree = "<group>";
		};
		29B97317FDCFA39411CA2CEA /* Resources */ = {
			isa = PBXGroup;
			children = (
				39868BB30FBB3A7E006E151C /* Images */,
				397D74840FB23E5C00ACE161 /* coffeeme.sqlite3 */,
				28AD73870D9D96C1002E5188 /* MainWindow.xib */,
				8D1107310486CEB800E47090 /* CoffeeMe-Info.plist */,
			);
			name = Resources;
			sourceTree = "<group>";
		};
		29B97323FDCFA39411CA2CEA /* Frameworks */ = {
			isa = PBXGroup;
			children = (
				397D751C0FB2A52700ACE161 /* QuartzCore.framework */,
				397D74D80FB2585B00ACE161 /* CoreLocation.framework */,
				397D74B30FB2519100ACE161 /* libsqlite3.0.dylib */,
				1DF5F4DF0D08C38300B7A737 /* UIKit.framework */,
				1D30AB110D05D00D00671497 /* Foundation.framework */,
				288765070DF74369002DB57D /* CoreGraphics.framework */,
			);
			name = Frameworks;
			sourceTree = "<group>";
		};
		397D749C0FB24ED000ACE161 /* Models */ = {
			isa = PBXGroup;
			children = (
				397D74A20FB24EF900ACE161 /* CMStore.h */,
				397D74A30FB24EF900ACE161 /* CMStore.m */,
				3986829F0FB48050006E151C /* CMModel.h */,
				398682A00FB48050006E151C /* CMModel.m */,
				398682A70FB48213006E151C /* CMTrivia.h */,
				398682A80FB48213006E151C /* CMTrivia.m */,
			);
			name = Models;
			sourceTree = "<group>";
		};
		397D74A50FB250F400ACE161 /* Libraries */ = {
			isa = PBXGroup;
			children = (
				397D74A60FB250F400ACE161 /* FMDB */,
			);
			path = Libraries;
			sourceTree = SOURCE_ROOT;
		};
		397D74A60FB250F400ACE161 /* FMDB */ = {
			isa = PBXGroup;
			children = (
				397D74A70FB250F400ACE161 /* FMDatabase.h */,
				397D74A80FB250F400ACE161 /* FMDatabase.m */,
				397D74A90FB250F400ACE161 /* FMDatabaseAdditions.h */,
				397D74AA0FB250F400ACE161 /* FMDatabaseAdditions.m */,
				397D74AB0FB250F400ACE161 /* FMResultSet.h */,
				397D74AC0FB250F400ACE161 /* FMResultSet.m */,
			);
			name = FMDB;
			path = Libraries/FMDB;
			sourceTree = SOURCE_ROOT;
		};
		398680FF0FB336D3006E151C /* Products */ = {
			isa = PBXGroup;
			children = (
				398681030FB336D3006E151C /* libThree20.a */,
			);
			name = Products;
			sourceTree = "<group>";
		};
		398681720FB3523D006E151C /* Controllers */ = {
			isa = PBXGroup;
			children = (
				397D74D50FB257B600ACE161 /* MyCLController.h */,
				397D74D60FB257B600ACE161 /* MyCLController.m */,
				398681730FB35297006E151C /* CMStoresController.h */,
				398681740FB35297006E151C /* CMStoresController.m */,
				398681760FB352A6006E151C /* CMTriviaController.h */,
				398681770FB352A6006E151C /* CMTriviaController.m */,
				398681790FB352BB006E151C /* CMNutritionController.h */,
				3986817A0FB352BB006E151C /* CMNutritionController.m */,
				3986856E0FB85AEE006E151C /* CMDetailController.h */,
				3986856F0FB85AEE006E151C /* CMDetailController.m */,
				39868B4A0FBB1A2C006E151C /* CMBaseController.h */,
				39868B4B0FBB1A2C006E151C /* CMBaseController.m */,
				39868BB00FBB3A33006E151C /* CMSettingsController.h */,
				39868BB10FBB3A33006E151C /* CMSettingsController.m */,
			);
			name = Controllers;
			sourceTree = "<group>";
		};
		398682DC0FB4A376006E151C /* Views */ = {
			isa = PBXGroup;
			children = (
				398686C10FB8C96B006E151C /* CMTriviaView.h */,
				398686C20FB8C96B006E151C /* CMTriviaView.m */,
				398682DD0FB4A386006E151C /* CMStoreCell.h */,
				398682DE0FB4A386006E151C /* CMStoreCell.m */,
				398684BC0FB5AA5B006E151C /* CMModalView.h */,
				398684BD0FB5AA5B006E151C /* CMModalView.m */,
				398686480FB89381006E151C /* CMDetailView.h */,
				398686490FB89381006E151C /* CMDetailView.m */,
				398689A50FB9D000006E151C /* CMMapView.h */,
				398689A60FB9D000006E151C /* CMMapView.m */,
			);
			name = Views;
			sourceTree = "<group>";
		};
/* End PBXGroup section */

/* Begin PBXNativeTarget section */
		1D6058900D05DD3D006BFB54 /* CoffeeMe */ = {
			isa = PBXNativeTarget;
			buildConfigurationList = 1D6058960D05DD3E006BFB54 /* Build configuration list for PBXNativeTarget "CoffeeMe" */;
			buildPhases = (
				1D60588D0D05DD3D006BFB54 /* Resources */,
				1D60588E0D05DD3D006BFB54 /* Sources */,
				1D60588F0D05DD3D006BFB54 /* Frameworks */,
			);
			buildRules = (
			);
			dependencies = (
				3986811E0FB3372F006E151C /* PBXTargetDependency */,
			);
			name = CoffeeMe;
			productName = CoffeeMe;
			productReference = 1D6058910D05DD3D006BFB54 /* CoffeeMe.app */;
			productType = "com.apple.product-type.application";
		};
/* End PBXNativeTarget section */

/* Begin PBXProject section */
		29B97313FDCFA39411CA2CEA /* Project object */ = {
			isa = PBXProject;
			buildConfigurationList = C01FCF4E08A954540054247B /* Build configuration list for PBXProject "CoffeeMe" */;
			compatibilityVersion = "Xcode 3.1";
			hasScannedForEncodings = 1;
			mainGroup = 29B97314FDCFA39411CA2CEA /* CoffeeMe */;
			projectDirPath = "";
			projectReferences = (
				{
					ProductGroup = 398680FF0FB336D3006E151C /* Products */;
					ProjectRef = 398680F90FB336D3006E151C /* Three20.xcodeproj */;
				},
			);
			projectRoot = "";
			targets = (
				1D6058900D05DD3D006BFB54 /* CoffeeMe */,
			);
		};
/* End PBXProject section */

/* Begin PBXReferenceProxy section */
		398681030FB336D3006E151C /* libThree20.a */ = {
			isa = PBXReferenceProxy;
			fileType = archive.ar;
			path = libThree20.a;
			remoteRef = 398681020FB336D3006E151C /* PBXContainerItemProxy */;
			sourceTree = BUILT_PRODUCTS_DIR;
		};
/* End PBXReferenceProxy section */

/* Begin PBXResourcesBuildPhase section */
		1D60588D0D05DD3D006BFB54 /* Resources */ = {
			isa = PBXResourcesBuildPhase;
			buildActionMask = 2147483647;
			files = (
				28AD73880D9D96C1002E5188 /* MainWindow.xib in Resources */,
				397D74850FB23E5C00ACE161 /* coffeeme.sqlite3 in Resources */,
				398681080FB33720006E151C /* Three20.bundle in Resources */,
				39868BC40FBB3A7E006E151C /* Images in Resources */,
			);
			runOnlyForDeploymentPostprocessing = 0;
		};
/* End PBXResourcesBuildPhase section */

/* Begin PBXSourcesBuildPhase section */
		1D60588E0D05DD3D006BFB54 /* Sources */ = {
			isa = PBXSourcesBuildPhase;
			buildActionMask = 2147483647;
			files = (
				1D60589B0D05DD56006BFB54 /* main.m in Sources */,
				1D3623260D0F684500981E51 /* CoffeeMeAppDelegate.m in Sources */,
				397D74A40FB24EF900ACE161 /* CMStore.m in Sources */,
				397D74AD0FB250F400ACE161 /* FMDatabase.m in Sources */,
				397D74AE0FB250F400ACE161 /* FMDatabaseAdditions.m in Sources */,
				397D74AF0FB250F400ACE161 /* FMResultSet.m in Sources */,
				397D74D70FB257B600ACE161 /* MyCLController.m in Sources */,
				398681750FB35297006E151C /* CMStoresController.m in Sources */,
				398681780FB352A6006E151C /* CMTriviaController.m in Sources */,
				3986817B0FB352BB006E151C /* CMNutritionController.m in Sources */,
				398682A10FB48050006E151C /* CMModel.m in Sources */,
				398682A90FB48213006E151C /* CMTrivia.m in Sources */,
				398682DF0FB4A386006E151C /* CMStoreCell.m in Sources */,
				398684BE0FB5AA5B006E151C /* CMModalView.m in Sources */,
				398685700FB85AEE006E151C /* CMDetailController.m in Sources */,
				3986863B0FB88FFD006E151C /* NSNotificationAdditions.m in Sources */,
				3986864A0FB89381006E151C /* CMDetailView.m in Sources */,
				398686C30FB8C96B006E151C /* CMTriviaView.m in Sources */,
				398689A70FB9D000006E151C /* CMMapView.m in Sources */,
				39868A850FBA2A0A006E151C /* CMLocation.m in Sources */,
				39868B4C0FBB1A2C006E151C /* CMBaseController.m in Sources */,
				39868BB20FBB3A33006E151C /* CMSettingsController.m in Sources */,
			);
			runOnlyForDeploymentPostprocessing = 0;
		};
/* End PBXSourcesBuildPhase section */

/* Begin PBXTargetDependency section */
		3986811E0FB3372F006E151C /* PBXTargetDependency */ = {
			isa = PBXTargetDependency;
			name = Three20;
			targetProxy = 3986811D0FB3372F006E151C /* PBXContainerItemProxy */;
		};
/* End PBXTargetDependency section */

/* Begin XCBuildConfiguration section */
		1D6058940D05DD3E006BFB54 /* Debug */ = {
			isa = XCBuildConfiguration;
			buildSettings = {
				ALWAYS_SEARCH_USER_PATHS = NO;
				COPY_PHASE_STRIP = NO;
				GCC_DYNAMIC_NO_PIC = NO;
				GCC_OPTIMIZATION_LEVEL = 0;
				GCC_PRECOMPILE_PREFIX_HEADER = YES;
				GCC_PREFIX_HEADER = CoffeeMe_Prefix.pch;
				HEADER_SEARCH_PATHS = ../three20/src;
				INFOPLIST_FILE = "CoffeeMe-Info.plist";
				PRODUCT_NAME = CoffeeMe;
			};
			name = Debug;
		};
		1D6058950D05DD3E006BFB54 /* Release */ = {
			isa = XCBuildConfiguration;
			buildSettings = {
				ALWAYS_SEARCH_USER_PATHS = NO;
				COPY_PHASE_STRIP = YES;
				GCC_PRECOMPILE_PREFIX_HEADER = YES;
				GCC_PREFIX_HEADER = CoffeeMe_Prefix.pch;
				HEADER_SEARCH_PATHS = ../three20/src;
				INFOPLIST_FILE = "CoffeeMe-Info.plist";
				PRODUCT_NAME = CoffeeMe;
			};
			name = Release;
		};
		C01FCF4F08A954540054247B /* Debug */ = {
			isa = XCBuildConfiguration;
			buildSettings = {
				ARCHS = "$(ARCHS_STANDARD_32_BIT)";
				"CODE_SIGN_IDENTITY[sdk=iphoneos*]" = "iPhone Developer: Min Kim";
				GCC_C_LANGUAGE_STANDARD = c99;
				GCC_WARN_ABOUT_RETURN_TYPE = YES;
				GCC_WARN_UNUSED_VARIABLE = YES;
				HEADER_SEARCH_PATHS = "Three20/src/**";
				ONLY_ACTIVE_ARCH = YES;
				OTHER_LDFLAGS = "-ObjC";
				PREBINDING = NO;
				"PROVISIONING_PROFILE[sdk=iphoneos*]" = "4425948B-329B-4E1D-B609-331ABCA779D3";
				SDKROOT = iphoneos2.2.1;
			};
			name = Debug;
		};
		C01FCF5008A954540054247B /* Release */ = {
			isa = XCBuildConfiguration;
			buildSettings = {
				ARCHS = "$(ARCHS_STANDARD_32_BIT)";
				"CODE_SIGN_IDENTITY[sdk=iphoneos*]" = "iPhone Developer: Min Kim";
				GCC_C_LANGUAGE_STANDARD = c99;
				GCC_WARN_ABOUT_RETURN_TYPE = YES;
				GCC_WARN_UNUSED_VARIABLE = YES;
				HEADER_SEARCH_PATHS = "Three20/src/**";
				OTHER_LDFLAGS = "-ObjC";
				PREBINDING = NO;
				"PROVISIONING_PROFILE[sdk=iphoneos*]" = "4425948B-329B-4E1D-B609-331ABCA779D3";
				SDKROOT = iphoneos2.2.1;
			};
			name = Release;
		};
/* End XCBuildConfiguration section */

/* Begin XCConfigurationList section */
		1D6058960D05DD3E006BFB54 /* Build configuration list for PBXNativeTarget "CoffeeMe" */ = {
			isa = XCConfigurationList;
			buildConfigurations = (
				1D6058940D05DD3E006BFB54 /* Debug */,
				1D6058950D05DD3E006BFB54 /* Release */,
			);
			defaultConfigurationIsVisible = 0;
			defaultConfigurationName = Release;
		};
		C01FCF4E08A954540054247B /* Build configuration list for PBXProject "CoffeeMe" */ = {
			isa = XCConfigurationList;
			buildConfigurations = (
				C01FCF4F08A954540054247B /* Debug */,
				C01FCF5008A954540054247B /* Release */,
			);
			defaultConfigurationIsVisible = 0;
			defaultConfigurationName = Release;
		};
/* End XCConfigurationList section */
	};
	rootObject = 29B97313FDCFA39411CA2CEA /* Project object */;
}
